{
  "object": {
    "pins": [
      {
        "package": "async-kit",
        "repositoryURL": "https://github.com/vapor/async-kit.git",
        "state": {
          "branch": null,
          "revision": "b5742bfbbe2d60f3b77465a0907777261e418f23",
          "version": "1.0.0-alpha.1"
        }
      },
      {
        "package": "Socket",
        "repositoryURL": "https://github.com/IBM-Swift/BlueSocket",
        "state": {
          "branch": null,
          "revision": "26c8f4e4e3000421a0c97aaf0c7b5e9aa5475222",
          "version": "0.12.94"
        }
      },
      {
        "package": "console-kit",
        "repositoryURL": "https://github.com/vapor/console-kit.git",
        "state": {
          "branch": null,
          "revision": "252a8b8e22cc70ebe8a073b241b7275a3b3880d9",
          "version": "4.0.0-alpha.1"
        }
      },
      {
        "package": "crypto-kit",
        "repositoryURL": "https://github.com/vapor/crypto-kit.git",
        "state": {
          "branch": null,
          "revision": "9d5e780ad8f621e14226f0c2824648a9c062d37c",
          "version": "4.0.0-alpha.1"
        }
      },
      {
        "package": "CSSH",
        "repositoryURL": "https://github.com/jakeheis/CSSH",
        "state": {
          "branch": null,
          "revision": "579a20508ab598f78713a60fed95706efd06bbcb",
          "version": "1.0.3"
        }
      },
      {
        "package": "fluent",
        "repositoryURL": "https://github.com/vapor/fluent.git",
        "state": {
          "branch": null,
          "revision": "728fe8afd9a480ec65b71dd95b415ee69dcad35f",
          "version": "4.0.0-alpha.1.1"
        }
      },
      {
        "package": "fluent-kit",
        "repositoryURL": "https://github.com/vapor/fluent-kit.git",
        "state": {
          "branch": null,
          "revision": "f92ceb4c90b93d2fdd1e3067c1a7ccefe40f379f",
          "version": "1.0.0-alpha.1.3"
        }
      },
      {
        "package": "fluent-postgres-driver",
        "repositoryURL": "https://github.com/vapor/fluent-postgres-driver.git",
        "state": {
          "branch": null,
          "revision": "918cfab4b3342202769d82a809630d86203ac9e0",
          "version": "2.0.0-alpha.1.2"
        }
      },
      {
        "package": "fluent-sqlite-driver",
        "repositoryURL": "https://github.com/vapor/fluent-sqlite-driver.git",
        "state": {
          "branch": null,
          "revision": "eadc7be2482a7c4cbf3b2f8da07a962f098abcf0",
          "version": "4.0.0-alpha.1"
        }
      },
      {
        "package": "jobs",
        "repositoryURL": "https://github.com/vapor/jobs.git",
        "state": {
          "branch": null,
          "revision": "bb41a64d2d8a5d324f7f8e435668980bba553ce8",
          "version": "1.0.0-alpha.2"
        }
      },
      {
        "package": "jobs-redis-driver",
        "repositoryURL": "https://github.com/vapor/jobs-redis-driver.git",
        "state": {
          "branch": null,
          "revision": "486a96da68e46788a2115e890017e69da3ced0f3",
          "version": "1.0.0-alpha.2"
        }
      },
      {
        "package": "nio-websocket-client",
        "repositoryURL": "https://github.com/vapor/nio-websocket-client.git",
        "state": {
          "branch": null,
          "revision": "3e515024c4c9eab6adb1ab516be15777a28a233e",
          "version": "1.0.0-alpha.1"
        }
      },
      {
        "package": "postgres-kit",
        "repositoryURL": "https://github.com/vapor/postgres-kit.git",
        "state": {
          "branch": null,
          "revision": "4b25340540ef610665fbfa929999991d0d1421f9",
          "version": "2.0.0-alpha.1"
        }
      },
      {
        "package": "postgres-nio",
        "repositoryURL": "https://github.com/vapor/postgres-nio.git",
        "state": {
          "branch": null,
          "revision": "4c008b8a12b8c03316916135e13188c8d75f2f5c",
          "version": "1.0.0-alpha.1.2"
        }
      },
      {
        "package": "redis-kit",
        "repositoryURL": "https://github.com/vapor/redis-kit.git",
        "state": {
          "branch": null,
          "revision": "4f88f929a25d9bbe78432f3132bf38992321f8a3",
          "version": "1.0.0-alpha.1.1"
        }
      },
      {
        "package": "routing-kit",
        "repositoryURL": "https://github.com/vapor/routing-kit.git",
        "state": {
          "branch": null,
          "revision": "6c7f4b471f9662d05045d82e64e22d5572a16a82",
          "version": "4.0.0-alpha.1"
        }
      },
      {
        "package": "Shout",
        "repositoryURL": "https://github.com/jakeheis/Shout.git",
        "state": {
          "branch": null,
          "revision": "b2cccccf481f141414dafd200385cf50d8adc0cd",
          "version": "0.5.0"
        }
      },
      {
        "package": "sql-kit",
        "repositoryURL": "https://github.com/vapor/sql-kit.git",
        "state": {
          "branch": null,
          "revision": "1bde2394ad31a00b47900a66d2b8a3768ece8433",
          "version": "3.0.0-alpha.1.1"
        }
      },
      {
        "package": "sqlite-kit",
        "repositoryURL": "https://github.com/vapor/sqlite-kit.git",
        "state": {
          "branch": null,
          "revision": "76662fc13fe1de84c68d7fb828a0e791d4c37fe0",
          "version": "4.0.0-alpha.1"
        }
      },
      {
        "package": "sqlite-nio",
        "repositoryURL": "https://github.com/vapor/sqlite-nio.git",
        "state": {
          "branch": null,
          "revision": "c203fd495d2007120ff8c5b38d393acc7fac3490",
          "version": "1.0.0-alpha.1"
        }
      },
      {
        "package": "swift-log",
        "repositoryURL": "https://github.com/apple/swift-log.git",
        "state": {
          "branch": null,
          "revision": "f4240bf022a69815241a883c03645444b58ac553",
          "version": "1.1.0"
        }
      },
      {
        "package": "swift-metrics",
        "repositoryURL": "https://github.com/apple/swift-metrics.git",
        "state": {
          "branch": null,
          "revision": "8e5110dcd6584ff5acfec40e31263a8d07cba783",
          "version": "1.1.0"
        }
      },
      {
        "package": "swift-nio",
        "repositoryURL": "https://github.com/apple/swift-nio.git",
        "state": {
          "branch": null,
          "revision": "7f20464df31e85f86bedf4a8afdd1785e0cb5059",
          "version": "2.3.0"
        }
      },
      {
        "package": "swift-nio-extras",
        "repositoryURL": "https://github.com/apple/swift-nio-extras.git",
        "state": {
          "branch": null,
          "revision": "96e8335180ca61c7187efe47058a1c99eadaf265",
          "version": "1.1.0"
        }
      },
      {
        "package": "swift-nio-http-client",
        "repositoryURL": "https://github.com/vapor/swift-nio-http-client.git",
        "state": {
          "branch": null,
          "revision": "93682abeb568b3df47f0744558c4436bb325f860",
          "version": "0.0.0"
        }
      },
      {
        "package": "swift-nio-http2",
        "repositoryURL": "https://github.com/apple/swift-nio-http2.git",
        "state": {
          "branch": null,
          "revision": "06880b0abdc5d2aa68b96d6b3b29b089cb423922",
          "version": "1.3.0"
        }
      },
      {
        "package": "swift-nio-ssl",
        "repositoryURL": "https://github.com/apple/swift-nio-ssl.git",
        "state": {
          "branch": null,
          "revision": "77173ac9038e8e9b92f3efe8780923447e3c890b",
          "version": "2.1.1"
        }
      },
      {
        "package": "swift-redis-nio-client",
        "repositoryURL": "https://gitlab.com/mordil/swift-redis-nio-client.git",
        "state": {
          "branch": null,
          "revision": "531a7d4021cce91ce5f65ef1c152db5b6c370b7c",
          "version": "1.0.0-alpha.2.1"
        }
      },
      {
        "package": "SwiftShell",
        "repositoryURL": "https://github.com/kareman/SwiftShell.git",
        "state": {
          "branch": null,
          "revision": "2614f86520e66e19328f11b00dabd474209e82f7",
          "version": "5.0.0"
        }
      },
      {
        "package": "vapor",
        "repositoryURL": "https://github.com/vapor/vapor.git",
        "state": {
          "branch": null,
          "revision": "139f6327604adc5645bcb74caa4e8129bac38798",
          "version": "4.0.0-alpha.1.4"
        }
      },
      {
        "package": "Yams",
        "repositoryURL": "https://github.com/rafiki270/Yams.git",
        "state": {
          "branch": "master",
          "revision": "c9c98abba79b00a10d7f786fb2a0f309a7dde3ab",
          "version": null
        }
      }
    ]
  },
  "version": 1
}
